
Microsoft Visual Studio Solution File, Format Version 12.00
# Visual Studio Version 17
VisualStudioVersion = 17.1.31911.260
MinimumVisualStudioVersion = 10.0.40219.1
Project("{9A19103F-16F7-4668-BE54-9A1E7A4F7556}") = "BookStore", "BooksStore\BookStore.csproj", "{69B357C6-D39A-43DF-8579-EE17210E96DD}"
EndProject
Project("{FAE04EC0-301F-11D3-BF4B-00C04F79EFBC}") = "Tests", "Tests\Tests.csproj", "{04188BC0-99DC-46A9-914F-DB8CD5730B22}"
EndProject
Global
	GlobalSection(SolutionConfigurationPlatforms) = preSolution
		Debug|Any CPU = Debug|Any CPU
		Release|Any CPU = Release|Any CPU
	EndGlobalSection
	GlobalSection(ProjectConfigurationPlatforms) = postSolution
		{69B357C6-D39A-43DF-8579-EE17210E96DD}.Debug|Any CPU.ActiveCfg = Debug|Any CPU
		{69B357C6-D39A-43DF-8579-EE17210E96DD}.Debug|Any CPU.Build.0 = Debug|Any CPU
		{69B357C6-D39A-43DF-8579-EE17210E96DD}.Release|Any CPU.ActiveCfg = Release|Any CPU
		{69B357C6-D39A-43DF-8579-EE17210E96DD}.Release|Any CPU.Build.0 = Release|Any CPU
		{04188BC0-99DC-46A9-914F-DB8CD5730B22}.Debug|Any CPU.ActiveCfg = Debug|Any CPU
		{04188BC0-99DC-46A9-914F-DB8CD5730B22}.Debug|Any CPU.Build.0 = Debug|Any CPU
		{04188BC0-99DC-46A9-914F-DB8CD5730B22}.Release|Any CPU.ActiveCfg = Release|Any CPU
		{04188BC0-99DC-46A9-914F-DB8CD5730B22}.Release|Any CPU.Build.0 = Release|Any CPU
	EndGlobalSection
	GlobalSection(SolutionProperties) = preSolution
		HideSolutionNode = FALSE
	EndGlobalSection
	GlobalSection(ExtensibilityGlobals) = postSolution
		SolutionGuid = {3D8F7D2D-E20E-41BE-AB66-9F7AAD79C0D3}
	EndGlobalSection
EndGlobal
